
Microsoft Visual Studio Solution File, Format Version 12.00
# Visual Studio 15
VisualStudioVersion = 15.0.28010.2041
MinimumVisualStudioVersion = 10.0.40219.1
Project("{FAE04EC0-301F-11D3-BF4B-00C04F79EFBC}") = "HW4", "HW4\HW4.csproj", "{9BE72AFD-BFE2-4EA1-9997-82C0E7D4B59D}"
EndProject
Global
	GlobalSection(SolutionConfigurationPlatforms) = preSolution
		Debug|Any CPU = Debug|Any CPU
		Release|Any CPU = Release|Any CPU
	EndGlobalSection
	GlobalSection(ProjectConfigurationPlatforms) = postSolution
		{9BE72AFD-BFE2-4EA1-9997-82C0E7D4B59D}.Debug|Any CPU.ActiveCfg = Debug|Any CPU
		{9BE72AFD-BFE2-4EA1-9997-82C0E7D4B59D}.Debug|Any CPU.Build.0 = Debug|Any CPU
		{9BE72AFD-BFE2-4EA1-9997-82C0E7D4B59D}.Release|Any CPU.ActiveCfg = Release|Any CPU
		{9BE72AFD-BFE2-4EA1-9997-82C0E7D4B59D}.Release|Any CPU.Build.0 = Release|Any CPU
	EndGlobalSection
	GlobalSection(SolutionProperties) = preSolution
		HideSolutionNode = FALSE
	EndGlobalSection
	GlobalSection(ExtensibilityGlobals) = postSolution
		SolutionGuid = {360EE535-C13B-417F-B734-1CF0D3935D62}
	EndGlobalSection
EndGlobal
